{
    "_meta": {
        "hash": {
            "sha256": "49c00ae8dd9958ccfe9a1e8c159ee681026464fc151c3c21dde654a3de159eef"
        },
        "pipfile-spec": 6,
        "requires": {
            "python_version": "3.9"
        },
        "sources": [
            {
                "name": "pypi",
                "url": "https://pypi.org/simple",
                "verify_ssl": true
            }
        ]
    },
    "default": {
        "pokefr-room-randomizer": {
            "editable": true,
            "path": "."
        },
        "six": {
            "hashes": [
                "sha256:1e61c37477a1626458e36f7b1d82aa5c9b094fa4802892072e49de9c60c4c926",
                "sha256:8abb2f1d86890a2dfb989f9a77cfcfd3e47c2a354b01111771326f8aa26e0254"
            ],
            "markers": "python_version >= '2.7' and python_version not in '3.0, 3.1, 3.2, 3.3'",
            "version": "==1.16.0"
        },
        "treelib": {
            "hashes": [
                "sha256:1a2e838f6b99e2690bc3d992d5a1f04cdb4af6564bd7688883c23d17257bbb2a",
                "sha256:4218f7dded2448dfa6a335888bf68a28430660163e7faf18c6128ec4477d34c0"
            ],
            "version": "==1.6.4"
        }
    },
    "develop": {}
}
